
Microsoft Visual Studio Solution File, Format Version 12.00
# Visual Studio Version 17
VisualStudioVersion = 17.4.33205.214
MinimumVisualStudioVersion = 10.0.40219.1
Project("{FAE04EC0-301F-11D3-BF4B-00C04F79EFBC}") = "Hesap_Mkainesi_Orijinal", "Hesap_Mkainesi_Orijinal\Hesap_Mkainesi_Orijinal.csproj", "{1A2F9BFA-4538-4D45-A2E6-EDD188239DBB}"
EndProject
Global
	GlobalSection(SolutionConfigurationPlatforms) = preSolution
		Debug|Any CPU = Debug|Any CPU
		Release|Any CPU = Release|Any CPU
	EndGlobalSection
	GlobalSection(ProjectConfigurationPlatforms) = postSolution
		{1A2F9BFA-4538-4D45-A2E6-EDD188239DBB}.Debug|Any CPU.ActiveCfg = Debug|Any CPU
		{1A2F9BFA-4538-4D45-A2E6-EDD188239DBB}.Debug|Any CPU.Build.0 = Debug|Any CPU
		{1A2F9BFA-4538-4D45-A2E6-EDD188239DBB}.Release|Any CPU.ActiveCfg = Release|Any CPU
		{1A2F9BFA-4538-4D45-A2E6-EDD188239DBB}.Release|Any CPU.Build.0 = Release|Any CPU
	EndGlobalSection
	GlobalSection(SolutionProperties) = preSolution
		HideSolutionNode = FALSE
	EndGlobalSection
	GlobalSection(ExtensibilityGlobals) = postSolution
		SolutionGuid = {DDD06EFE-76E1-4BCE-8D4F-A13AA7FF234D}
	EndGlobalSection
EndGlobal
